// !$*UTF8*$!
{
	archiveVersion = 1;
	classes = {
	};
	objectVersion = 50;
	objects = {

/* Begin PBXBuildFile section */
		04BA2AF924767A4500DB55B0 /* AppDelegate.swift in Sources */ = {isa = PBXBuildFile; fileRef = 04BA2AF824767A4500DB55B0 /* AppDelegate.swift */; };
		04BA2AFB24767A4500DB55B0 /* SceneDelegate.swift in Sources */ = {isa = PBXBuildFile; fileRef = 04BA2AFA24767A4500DB55B0 /* SceneDelegate.swift */; };
		04BA2AFD24767A4500DB55B0 /* ViewController.swift in Sources */ = {isa = PBXBuildFile; fileRef = 04BA2AFC24767A4500DB55B0 /* ViewController.swift */; };
		04BA2B0024767A4500DB55B0 /* Main.storyboard in Resources */ = {isa = PBXBuildFile; fileRef = 04BA2AFE24767A4500DB55B0 /* Main.storyboard */; };
		04BA2B0224767A4800DB55B0 /* Assets.xcassets in Resources */ = {isa = PBXBuildFile; fileRef = 04BA2B0124767A4800DB55B0 /* Assets.xcassets */; };
		04BA2B0524767A4800DB55B0 /* LaunchScreen.storyboard in Resources */ = {isa = PBXBuildFile; fileRef = 04BA2B0324767A4800DB55B0 /* LaunchScreen.storyboard */; };
		04BA2B0D24767A5C00DB55B0 /* RingView.swift in Sources */ = {isa = PBXBuildFile; fileRef = 04BA2B0C24767A5C00DB55B0 /* RingView.swift */; };
/* End PBXBuildFile section */

/* Begin PBXFileReference section */
		04BA2AF524767A4500DB55B0 /* RingGraphView.app */ = {isa = PBXFileReference; explicitFileType = wrapper.application; includeInIndex = 0; path = RingGraphView.app; sourceTree = BUILT_PRODUCTS_DIR; };
		04BA2AF824767A4500DB55B0 /* AppDelegate.swift */ = {isa = PBXFileReference; lastKnownFileType = sourcecode.swift; path = AppDelegate.swift; sourceTree = "<group>"; };
		04BA2AFA24767A4500DB55B0 /* SceneDelegate.swift */ = {isa = PBXFileReference; lastKnownFileType = sourcecode.swift; path = SceneDelegate.swift; sourceTree = "<group>"; };
		04BA2AFC24767A4500DB55B0 /* ViewController.swift */ = {isa = PBXFileReference; lastKnownFileType = sourcecode.swift; path = ViewController.swift; sourceTree = "<group>"; };
		04BA2AFF24767A4500DB55B0 /* Base */ = {isa = PBXFileReference; lastKnownFileType = file.storyboard; name = Base; path = Base.lproj/Main.storyboard; sourceTree = "<group>"; };
		04BA2B0124767A4800DB55B0 /* Assets.xcassets */ = {isa = PBXFileReference; lastKnownFileType = folder.assetcatalog; path = Assets.xcassets; sourceTree = "<group>"; };
		04BA2B0424767A4800DB55B0 /* Base */ = {isa = PBXFileReference; lastKnownFileType = file.storyboard; name = Base; path = Base.lproj/LaunchScreen.storyboard; sourceTree = "<group>"; };
		04BA2B0624767A4800DB55B0 /* Info.plist */ = {isa = PBXFileReference; lastKnownFileType = text.plist.xml; path = Info.plist; sourceTree = "<group>"; };
		04BA2B0C24767A5C00DB55B0 /* RingView.swift */ = {isa = PBXFileReference; lastKnownFileType = sourcecode.swift; path = RingView.swift; sourceTree = "<group>"; };
/* End PBXFileReference section */

/* Begin PBXFrameworksBuildPhase section */
		04BA2AF224767A4500DB55B0 /* Frameworks */ = {
			isa = PBXFrameworksBuildPhase;
			buildActionMask = 2147483647;
			files = (
			);
			runOnlyForDeploymentPostprocessing = 0;
		};
/* End PBXFrameworksBuildPhase section */

/* Begin PBXGroup section */
		04BA2AEC24767A4500DB55B0 = {
			isa = PBXGroup;
			children = (
				04BA2AF724767A4500DB55B0 /* RingGraphView */,
				04BA2AF624767A4500DB55B0 /* Products */,
			);
			sourceTree = "<group>";
		};
		04BA2AF624767A4500DB55B0 /* Products */ = {
			isa = PBXGroup;
			children = (
				04BA2AF524767A4500DB55B0 /* RingGraphView.app */,
			);
			name = Products;
			sourceTree = "<group>";
		};
		04BA2AF724767A4500DB55B0 /* RingGraphView */ = {
			isa = PBXGroup;
			children = (
				04BA2AF824767A4500DB55B0 /* AppDelegate.swift */,
				04BA2AFA24767A4500DB55B0 /* SceneDelegate.swift */,
				04BA2AFC24767A4500DB55B0 /* ViewController.swift */,
				04BA2AFE24767A4500DB55B0 /* Main.storyboard */,
				04BA2B0124767A4800DB55B0 /* Assets.xcassets */,
				04BA2B0324767A4800DB55B0 /* LaunchScreen.storyboard */,
				04BA2B0624767A4800DB55B0 /* Info.plist */,
				04BA2B0C24767A5C00DB55B0 /* RingView.swift */,
			);
			path = RingGraphView;
			sourceTree = "<group>";
		};
/* End PBXGroup section */

/* Begin PBXNativeTarget section */
		04BA2AF424767A4500DB55B0 /* RingGraphView */ = {
			isa = PBXNativeTarget;
			buildConfigurationList = 04BA2B0924767A4800DB55B0 /* Build configuration list for PBXNativeTarget "RingGraphView" */;
			buildPhases = (
				04BA2AF124767A4500DB55B0 /* Sources */,
				04BA2AF224767A4500DB55B0 /* Frameworks */,
				04BA2AF324767A4500DB55B0 /* Resources */,
			);
			buildRules = (
			);
			dependencies = (
			);
			name = RingGraphView;
			productName = RingGraphView;
			productReference = 04BA2AF524767A4500DB55B0 /* RingGraphView.app */;
			productType = "com.apple.product-type.application";
		};
/* End PBXNativeTarget section */

/* Begin PBXProject section */
		04BA2AED24767A4500DB55B0 /* Project object */ = {
			isa = PBXProject;
			attributes = {
				LastSwiftUpdateCheck = 1140;
				LastUpgradeCheck = 1140;
				ORGANIZATIONNAME = KuldeepBhandari;
				TargetAttributes = {
					04BA2AF424767A4500DB55B0 = {
						CreatedOnToolsVersion = 11.4;
					};
				};
			};
			buildConfigurationList = 04BA2AF024767A4500DB55B0 /* Build configuration list for PBXProject "RingGraphView" */;
			compatibilityVersion = "Xcode 9.3";
			developmentRegion = en;
			hasScannedForEncodings = 0;
			knownRegions = (
				en,
				Base,
			);
			mainGroup = 04BA2AEC24767A4500DB55B0;
			productRefGroup = 04BA2AF624767A4500DB55B0 /* Products */;
			projectDirPath = "";
			projectRoot = "";
			targets = (
				04BA2AF424767A4500DB55B0 /* RingGraphView */,
			);
		};
/* End PBXProject section */

/* Begin PBXResourcesBuildPhase section */
		04BA2AF324767A4500DB55B0 /* Resources */ = {
			isa = PBXResourcesBuildPhase;
			buildActionMask = 2147483647;
			files = (
				04BA2B0524767A4800DB55B0 /* LaunchScreen.storyboard in Resources */,
				04BA2B0224767A4800DB55B0 /* Assets.xcassets in Resources */,
				04BA2B0024767A4500DB55B0 /* Main.storyboard in Resources */,
			);
			runOnlyForDeploymentPostprocessing = 0;
		};
/* End PBXResourcesBuildPhase section */

/* Begin PBXSourcesBuildPhase section */
		04BA2AF124767A4500DB55B0 /* Sources */ = {
			isa = PBXSourcesBuildPhase;
			buildActionMask = 2147483647;
			files = (
				04BA2B0D24767A5C00DB55B0 /* RingView.swift in Sources */,
				04BA2AFD24767A4500DB55B0 /* ViewController.swift in Sources */,
				04BA2AF924767A4500DB55B0 /* AppDelegate.swift in Sources */,
				04BA2AFB24767A4500DB55B0 /* SceneDelegate.swift in Sources */,
			);
			runOnlyForDeploymentPostprocessing = 0;
		};
/* End PBXSourcesBuildPhase section */

/* Begin PBXVariantGroup section */
		04BA2AFE24767A4500DB55B0 /* Main.storyboard */ = {
			isa = PBXVariantGroup;
			children = (
				04BA2AFF24767A4500DB55B0 /* Base */,
			);
			name = Main.storyboard;
			sourceTree = "<group>";
		};
		04BA2B0324767A4800DB55B0 /* LaunchScreen.storyboard */ = {
			isa = PBXVariantGroup;
			children = (
				04BA2B0424767A4800DB55B0 /* Base */,
			);
			name = LaunchScreen.storyboard;
			sourceTree = "<group>";
		};
/* End PBXVariantGroup section */

/* Begin XCBuildConfiguration section */
		04BA2B0724767A4800DB55B0 /* Debug */ = {
			isa = XCBuildConfiguration;
			buildSettings = {
				ALWAYS_SEARCH_USER_PATHS = NO;
				CLANG_ANALYZER_NONNULL = YES;
				CLANG_ANALYZER_NUMBER_OBJECT_CONVERSION = YES_AGGRESSIVE;
				CLANG_CXX_LANGUAGE_STANDARD = "gnu++14";
				CLANG_CXX_LIBRARY = "libc++";
				CLANG_ENABLE_MODULES = YES;
				CLANG_ENABLE_OBJC_ARC = YES;
				CLANG_ENABLE_OBJC_WEAK = YES;
				CLANG_WARN_BLOCK_CAPTURE_AUTORELEASING = YES;
				CLANG_WARN_BOOL_CONVERSION = YES;
				CLANG_WARN_COMMA = YES;
				CLANG_WARN_CONSTANT_CONVERSION = YES;
				CLANG_WARN_DEPRECATED_OBJC_IMPLEMENTATIONS = YES;
				CLANG_WARN_DIRECT_OBJC_ISA_USAGE = YES_ERROR;
				CLANG_WARN_DOCUMENTATION_COMMENTS = YES;
				CLANG_WARN_EMPTY_BODY = YES;
				CLANG_WARN_ENUM_CONVERSION = YES;
				CLANG_WARN_INFINITE_RECURSION = YES;
				CLANG_WARN_INT_CONVERSION = YES;
				CLANG_WARN_NON_LITERAL_NULL_CONVERSION = YES;
				CLANG_WARN_OBJC_IMPLICIT_RETAIN_SELF = YES;
				CLANG_WARN_OBJC_LITERAL_CONVERSION = YES;
				CLANG_WARN_OBJC_ROOT_CLASS = YES_ERROR;
				CLANG_WARN_RANGE_LOOP_ANALYSIS = YES;
				CLANG_WARN_STRICT_PROTOTYPES = YES;
				CLANG_WARN_SUSPICIOUS_MOVE = YES;
				CLANG_WARN_UNGUARDED_AVAILABILITY = YES_AGGRESSIVE;
				CLANG_WARN_UNREACHABLE_CODE = YES;
				CLANG_WARN__DUPLICATE_METHOD_MATCH = YES;
				COPY_PHASE_STRIP = NO;
				DEBUG_INFORMATION_FORMAT = dwarf;
				ENABLE_STRICT_OBJC_MSGSEND = YES;
				ENABLE_TESTABILITY = YES;
				GCC_C_LANGUAGE_STANDARD = gnu11;
				GCC_DYNAMIC_NO_PIC = NO;
				GCC_NO_COMMON_BLOCKS = YES;
				GCC_OPTIMIZATION_LEVEL = 0;
				GCC_PREPROCESSOR_DEFINITIONS = (
					"DEBUG=1",
					"$(inherited)",
				);
				GCC_WARN_64_TO_32_BIT_CONVERSION = YES;
				GCC_WARN_ABOUT_RETURN_TYPE = YES_ERROR;
				GCC_WARN_UNDECLARED_SELECTOR = YES;
				GCC_WARN_UNINITIALIZED_AUTOS = YES_AGGRESSIVE;
				GCC_WARN_UNUSED_FUNCTION = YES;
				GCC_WARN_UNUSED_VARIABLE = YES;
				IPHONEOS_DEPLOYMENT_TARGET = 13.4;
				MTL_ENABLE_DEBUG_INFO = INCLUDE_SOURCE;
				MTL_FAST_MATH = YES;
				ONLY_ACTIVE_ARCH = YES;
				SDKROOT = iphoneos;
				SWIFT_ACTIVE_COMPILATION_CONDITIONS = DEBUG;
				SWIFT_OPTIMIZATION_LEVEL = "-Onone";
			};
			name = Debug;
		};
		04BA2B0824767A4800DB55B0 /* Release */ = {
			isa = XCBuildConfiguration;
			buildSettings = {
				ALWAYS_SEARCH_USER_PATHS = NO;
				CLANG_ANALYZER_NONNULL = YES;
				CLANG_ANALYZER_NUMBER_OBJECT_CONVERSION = YES_AGGRESSIVE;
				CLANG_CXX_LANGUAGE_STANDARD = "gnu++14";
				CLANG_CXX_LIBRARY = "libc++";
				CLANG_ENABLE_MODULES = YES;
				CLANG_ENABLE_OBJC_ARC = YES;
				CLANG_ENABLE_OBJC_WEAK = YES;
				CLANG_WARN_BLOCK_CAPTURE_AUTORELEASING = YES;
				CLANG_WARN_BOOL_CONVERSION = YES;
				CLANG_WARN_COMMA = YES;
				CLANG_WARN_CONSTANT_CONVERSION = YES;
				CLANG_WARN_DEPRECATED_OBJC_IMPLEMENTATIONS = YES;
				CLANG_WARN_DIRECT_OBJC_ISA_USAGE = YES_ERROR;
				CLANG_WARN_DOCUMENTATION_COMMENTS = YES;
				CLANG_WARN_EMPTY_BODY = YES;
				CLANG_WARN_ENUM_CONVERSION = YES;
				CLANG_WARN_INFINITE_RECURSION = YES;
				CLANG_WARN_INT_CONVERSION = YES;
				CLANG_WARN_NON_LITERAL_NULL_CONVERSION = YES;
				CLANG_WARN_OBJC_IMPLICIT_RETAIN_SELF = YES;
				CLANG_WARN_OBJC_LITERAL_CONVERSION = YES;
				CLANG_WARN_OBJC_ROOT_CLASS = YES_ERROR;
				CLANG_WARN_RANGE_LOOP_ANALYSIS = YES;
				CLANG_WARN_STRICT_PROTOTYPES = YES;
				CLANG_WARN_SUSPICIOUS_MOVE = YES;
				CLANG_WARN_UNGUARDED_AVAILABILITY = YES_AGGRESSIVE;
				CLANG_WARN_UNREACHABLE_CODE = YES;
				CLANG_WARN__DUPLICATE_METHOD_MATCH = YES;
				COPY_PHASE_STRIP = NO;
				DEBUG_INFORMATION_FORMAT = "dwarf-with-dsym";
				ENABLE_NS_ASSERTIONS = NO;
				ENABLE_STRICT_OBJC_MSGSEND = YES;
				GCC_C_LANGUAGE_STANDARD = gnu11;
				GCC_NO_COMMON_BLOCKS = YES;
				GCC_WARN_64_TO_32_BIT_CONVERSION = YES;
				GCC_WARN_ABOUT_RETURN_TYPE = YES_ERROR;
				GCC_WARN_UNDECLARED_SELECTOR = YES;
				GCC_WARN_UNINITIALIZED_AUTOS = YES_AGGRESSIVE;
				GCC_WARN_UNUSED_FUNCTION = YES;
				GCC_WARN_UNUSED_VARIABLE = YES;
				IPHONEOS_DEPLOYMENT_TARGET = 13.4;
				MTL_ENABLE_DEBUG_INFO = NO;
				MTL_FAST_MATH = YES;
				SDKROOT = iphoneos;
				SWIFT_COMPILATION_MODE = wholemodule;
				SWIFT_OPTIMIZATION_LEVEL = "-O";
				VALIDATE_PRODUCT = YES;
			};
			name = Release;
		};
		04BA2B0A24767A4800DB55B0 /* Debug */ = {
			isa = XCBuildConfiguration;
			buildSettings = {
				ASSETCATALOG_COMPILER_APPICON_NAME = AppIcon;
				CODE_SIGN_STYLE = Automatic;
				INFOPLIST_FILE = RingGraphView/Info.plist;
				LD_RUNPATH_SEARCH_PATHS = (
					"$(inherited)",
					"@executable_path/Frameworks",
				);
				PRODUCT_BUNDLE_IDENTIFIER = com.kuldeep.RingGraphView;
				PRODUCT_NAME = "$(TARGET_NAME)";
				SWIFT_VERSION = 5.0;
				TARGETED_DEVICE_FAMILY = "1,2";
			};
			name = Debug;
		};
		04BA2B0B24767A4800DB55B0 /* Release */ = {
			isa = XCBuildConfiguration;
			buildSettings = {
				ASSETCATALOG_COMPILER_APPICON_NAME = AppIcon;
				CODE_SIGN_STYLE = Automatic;
				INFOPLIST_FILE = RingGraphView/Info.plist;
				LD_RUNPATH_SEARCH_PATHS = (
					"$(inherited)",
					"@executable_path/Frameworks",
				);
				PRODUCT_BUNDLE_IDENTIFIER = com.kuldeep.RingGraphView;
				PRODUCT_NAME = "$(TARGET_NAME)";
				SWIFT_VERSION = 5.0;
				TARGETED_DEVICE_FAMILY = "1,2";
			};
			name = Release;
		};
/* End XCBuildConfiguration section */

/* Begin XCConfigurationList section */
		04BA2AF024767A4500DB55B0 /* Build configuration list for PBXProject "RingGraphView" */ = {
			isa = XCConfigurationList;
			buildConfigurations = (
				04BA2B0724767A4800DB55B0 /* Debug */,
				04BA2B0824767A4800DB55B0 /* Release */,
			);
			defaultConfigurationIsVisible = 0;
			defaultConfigurationName = Release;
		};
		04BA2B0924767A4800DB55B0 /* Build configuration list for PBXNativeTarget "RingGraphView" */ = {
			isa = XCConfigurationList;
			buildConfigurations = (
				04BA2B0A24767A4800DB55B0 /* Debug */,
				04BA2B0B24767A4800DB55B0 /* Release */,
			);
			defaultConfigurationIsVisible = 0;
			defaultConfigurationName = Release;
		};
/* End XCConfigurationList section */
	};
	rootObject = 04BA2AED24767A4500DB55B0 /* Project object */;
}
