// !$*UTF8*$!
{
	archiveVersion = 1;
	classes = {
	};
	objectVersion = 51;
	objects = {

/* Begin PBXBuildFile section */
		04A18C852482406300001ED9 /* AppDelegate.swift in Sources */ = {isa = PBXBuildFile; fileRef = 04A18C842482406300001ED9 /* AppDelegate.swift */; };
		04A18C872482406300001ED9 /* SceneDelegate.swift in Sources */ = {isa = PBXBuildFile; fileRef = 04A18C862482406300001ED9 /* SceneDelegate.swift */; };
		04A18C892482406300001ED9 /* LaunchViewController.swift in Sources */ = {isa = PBXBuildFile; fileRef = 04A18C882482406300001ED9 /* LaunchViewController.swift */; };
		04A18C8C2482406300001ED9 /* Main.storyboard in Resources */ = {isa = PBXBuildFile; fileRef = 04A18C8A2482406300001ED9 /* Main.storyboard */; };
		04A18C8E2482406500001ED9 /* Assets.xcassets in Resources */ = {isa = PBXBuildFile; fileRef = 04A18C8D2482406500001ED9 /* Assets.xcassets */; };
		04A18C912482406500001ED9 /* LaunchScreen.storyboard in Resources */ = {isa = PBXBuildFile; fileRef = 04A18C8F2482406500001ED9 /* LaunchScreen.storyboard */; };
		04A18C992482414E00001ED9 /* NetworkManager.swift in Sources */ = {isa = PBXBuildFile; fileRef = 04A18C982482414E00001ED9 /* NetworkManager.swift */; };
		04A18C9B248247C900001ED9 /* OfflineViewController.swift in Sources */ = {isa = PBXBuildFile; fileRef = 04A18C9A248247C900001ED9 /* OfflineViewController.swift */; };
		04A18C9D24824CF300001ED9 /* MainViewController.swift in Sources */ = {isa = PBXBuildFile; fileRef = 04A18C9C24824CF300001ED9 /* MainViewController.swift */; };
		04A18C9F24824EC000001ED9 /* MainVCTableCell.swift in Sources */ = {isa = PBXBuildFile; fileRef = 04A18C9E24824EC000001ED9 /* MainVCTableCell.swift */; };
		3390ADB03C639200ABD33B63 /* Pods_RechabilityDemo.framework in Frameworks */ = {isa = PBXBuildFile; fileRef = 66EAFD39946C0A3F26B44E52 /* Pods_RechabilityDemo.framework */; };
/* End PBXBuildFile section */

/* Begin PBXFileReference section */
		04A18C812482406300001ED9 /* RechabilityDemo.app */ = {isa = PBXFileReference; explicitFileType = wrapper.application; includeInIndex = 0; path = RechabilityDemo.app; sourceTree = BUILT_PRODUCTS_DIR; };
		04A18C842482406300001ED9 /* AppDelegate.swift */ = {isa = PBXFileReference; lastKnownFileType = sourcecode.swift; path = AppDelegate.swift; sourceTree = "<group>"; };
		04A18C862482406300001ED9 /* SceneDelegate.swift */ = {isa = PBXFileReference; lastKnownFileType = sourcecode.swift; path = SceneDelegate.swift; sourceTree = "<group>"; };
		04A18C882482406300001ED9 /* LaunchViewController.swift */ = {isa = PBXFileReference; lastKnownFileType = sourcecode.swift; path = LaunchViewController.swift; sourceTree = "<group>"; };
		04A18C8B2482406300001ED9 /* Base */ = {isa = PBXFileReference; lastKnownFileType = file.storyboard; name = Base; path = Base.lproj/Main.storyboard; sourceTree = "<group>"; };
		04A18C8D2482406500001ED9 /* Assets.xcassets */ = {isa = PBXFileReference; lastKnownFileType = folder.assetcatalog; path = Assets.xcassets; sourceTree = "<group>"; };
		04A18C902482406500001ED9 /* Base */ = {isa = PBXFileReference; lastKnownFileType = file.storyboard; name = Base; path = Base.lproj/LaunchScreen.storyboard; sourceTree = "<group>"; };
		04A18C922482406500001ED9 /* Info.plist */ = {isa = PBXFileReference; lastKnownFileType = text.plist.xml; path = Info.plist; sourceTree = "<group>"; };
		04A18C982482414E00001ED9 /* NetworkManager.swift */ = {isa = PBXFileReference; lastKnownFileType = sourcecode.swift; path = NetworkManager.swift; sourceTree = "<group>"; };
		04A18C9A248247C900001ED9 /* OfflineViewController.swift */ = {isa = PBXFileReference; lastKnownFileType = sourcecode.swift; path = OfflineViewController.swift; sourceTree = "<group>"; };
		04A18C9C24824CF300001ED9 /* MainViewController.swift */ = {isa = PBXFileReference; lastKnownFileType = sourcecode.swift; path = MainViewController.swift; sourceTree = "<group>"; };
		04A18C9E24824EC000001ED9 /* MainVCTableCell.swift */ = {isa = PBXFileReference; lastKnownFileType = sourcecode.swift; path = MainVCTableCell.swift; sourceTree = "<group>"; };
		55C252F50AF40424E82A662A /* Pods-RechabilityDemo.release.xcconfig */ = {isa = PBXFileReference; includeInIndex = 1; lastKnownFileType = text.xcconfig; name = "Pods-RechabilityDemo.release.xcconfig"; path = "Target Support Files/Pods-RechabilityDemo/Pods-RechabilityDemo.release.xcconfig"; sourceTree = "<group>"; };
		66EAFD39946C0A3F26B44E52 /* Pods_RechabilityDemo.framework */ = {isa = PBXFileReference; explicitFileType = wrapper.framework; includeInIndex = 0; path = Pods_RechabilityDemo.framework; sourceTree = BUILT_PRODUCTS_DIR; };
		8D1E52E95D86A7AB8EA30A6C /* Pods-RechabilityDemo.debug.xcconfig */ = {isa = PBXFileReference; includeInIndex = 1; lastKnownFileType = text.xcconfig; name = "Pods-RechabilityDemo.debug.xcconfig"; path = "Target Support Files/Pods-RechabilityDemo/Pods-RechabilityDemo.debug.xcconfig"; sourceTree = "<group>"; };
/* End PBXFileReference section */

/* Begin PBXFrameworksBuildPhase section */
		04A18C7E2482406300001ED9 /* Frameworks */ = {
			isa = PBXFrameworksBuildPhase;
			buildActionMask = 2147483647;
			files = (
				3390ADB03C639200ABD33B63 /* Pods_RechabilityDemo.framework in Frameworks */,
			);
			runOnlyForDeploymentPostprocessing = 0;
		};
/* End PBXFrameworksBuildPhase section */

/* Begin PBXGroup section */
		04A18C782482406300001ED9 = {
			isa = PBXGroup;
			children = (
				04A18C832482406300001ED9 /* RechabilityDemo */,
				04A18C822482406300001ED9 /* Products */,
				CDFD95C165356EF981382A59 /* Pods */,
				144848B385E7391975C3CC9E /* Frameworks */,
			);
			sourceTree = "<group>";
		};
		04A18C822482406300001ED9 /* Products */ = {
			isa = PBXGroup;
			children = (
				04A18C812482406300001ED9 /* RechabilityDemo.app */,
			);
			name = Products;
			sourceTree = "<group>";
		};
		04A18C832482406300001ED9 /* RechabilityDemo */ = {
			isa = PBXGroup;
			children = (
				04A18C842482406300001ED9 /* AppDelegate.swift */,
				04A18C862482406300001ED9 /* SceneDelegate.swift */,
				04A18C882482406300001ED9 /* LaunchViewController.swift */,
				04A18C8A2482406300001ED9 /* Main.storyboard */,
				04A18C8D2482406500001ED9 /* Assets.xcassets */,
				04A18C8F2482406500001ED9 /* LaunchScreen.storyboard */,
				04A18C922482406500001ED9 /* Info.plist */,
				04A18C982482414E00001ED9 /* NetworkManager.swift */,
				04A18C9A248247C900001ED9 /* OfflineViewController.swift */,
				04A18C9C24824CF300001ED9 /* MainViewController.swift */,
				04A18C9E24824EC000001ED9 /* MainVCTableCell.swift */,
			);
			path = RechabilityDemo;
			sourceTree = "<group>";
		};
		144848B385E7391975C3CC9E /* Frameworks */ = {
			isa = PBXGroup;
			children = (
				66EAFD39946C0A3F26B44E52 /* Pods_RechabilityDemo.framework */,
			);
			name = Frameworks;
			sourceTree = "<group>";
		};
		CDFD95C165356EF981382A59 /* Pods */ = {
			isa = PBXGroup;
			children = (
				8D1E52E95D86A7AB8EA30A6C /* Pods-RechabilityDemo.debug.xcconfig */,
				55C252F50AF40424E82A662A /* Pods-RechabilityDemo.release.xcconfig */,
			);
			path = Pods;
			sourceTree = "<group>";
		};
/* End PBXGroup section */

/* Begin PBXNativeTarget section */
		04A18C802482406300001ED9 /* RechabilityDemo */ = {
			isa = PBXNativeTarget;
			buildConfigurationList = 04A18C952482406500001ED9 /* Build configuration list for PBXNativeTarget "RechabilityDemo" */;
			buildPhases = (
				62FE13B18BDC2F9712E0D63C /* [CP] Check Pods Manifest.lock */,
				04A18C7D2482406300001ED9 /* Sources */,
				04A18C7E2482406300001ED9 /* Frameworks */,
				04A18C7F2482406300001ED9 /* Resources */,
				913003961B26A2047E46A1E9 /* [CP] Embed Pods Frameworks */,
			);
			buildRules = (
			);
			dependencies = (
			);
			name = RechabilityDemo;
			productName = RechabilityDemo;
			productReference = 04A18C812482406300001ED9 /* RechabilityDemo.app */;
			productType = "com.apple.product-type.application";
		};
/* End PBXNativeTarget section */

/* Begin PBXProject section */
		04A18C792482406300001ED9 /* Project object */ = {
			isa = PBXProject;
			attributes = {
				LastSwiftUpdateCheck = 1140;
				LastUpgradeCheck = 1140;
				ORGANIZATIONNAME = KuldeepBhandari;
				TargetAttributes = {
					04A18C802482406300001ED9 = {
						CreatedOnToolsVersion = 11.4;
					};
				};
			};
			buildConfigurationList = 04A18C7C2482406300001ED9 /* Build configuration list for PBXProject "RechabilityDemo" */;
			compatibilityVersion = "Xcode 9.3";
			developmentRegion = en;
			hasScannedForEncodings = 0;
			knownRegions = (
				en,
				Base,
			);
			mainGroup = 04A18C782482406300001ED9;
			productRefGroup = 04A18C822482406300001ED9 /* Products */;
			projectDirPath = "";
			projectRoot = "";
			targets = (
				04A18C802482406300001ED9 /* RechabilityDemo */,
			);
		};
/* End PBXProject section */

/* Begin PBXResourcesBuildPhase section */
		04A18C7F2482406300001ED9 /* Resources */ = {
			isa = PBXResourcesBuildPhase;
			buildActionMask = 2147483647;
			files = (
				04A18C912482406500001ED9 /* LaunchScreen.storyboard in Resources */,
				04A18C8E2482406500001ED9 /* Assets.xcassets in Resources */,
				04A18C8C2482406300001ED9 /* Main.storyboard in Resources */,
			);
			runOnlyForDeploymentPostprocessing = 0;
		};
/* End PBXResourcesBuildPhase section */

/* Begin PBXShellScriptBuildPhase section */
		62FE13B18BDC2F9712E0D63C /* [CP] Check Pods Manifest.lock */ = {
			isa = PBXShellScriptBuildPhase;
			buildActionMask = 2147483647;
			files = (
			);
			inputFileListPaths = (
			);
			inputPaths = (
				"${PODS_PODFILE_DIR_PATH}/Podfile.lock",
				"${PODS_ROOT}/Manifest.lock",
			);
			name = "[CP] Check Pods Manifest.lock";
			outputFileListPaths = (
			);
			outputPaths = (
				"$(DERIVED_FILE_DIR)/Pods-RechabilityDemo-checkManifestLockResult.txt",
			);
			runOnlyForDeploymentPostprocessing = 0;
			shellPath = /bin/sh;
			shellScript = "diff \"${PODS_PODFILE_DIR_PATH}/Podfile.lock\" \"${PODS_ROOT}/Manifest.lock\" > /dev/null\nif [ $? != 0 ] ; then\n    # print error to STDERR\n    echo \"error: The sandbox is not in sync with the Podfile.lock. Run 'pod install' or update your CocoaPods installation.\" >&2\n    exit 1\nfi\n# This output is used by Xcode 'outputs' to avoid re-running this script phase.\necho \"SUCCESS\" > \"${SCRIPT_OUTPUT_FILE_0}\"\n";
			showEnvVarsInLog = 0;
		};
		913003961B26A2047E46A1E9 /* [CP] Embed Pods Frameworks */ = {
			isa = PBXShellScriptBuildPhase;
			buildActionMask = 2147483647;
			files = (
			);
			inputFileListPaths = (
				"${PODS_ROOT}/Target Support Files/Pods-RechabilityDemo/Pods-RechabilityDemo-frameworks-${CONFIGURATION}-input-files.xcfilelist",
			);
			name = "[CP] Embed Pods Frameworks";
			outputFileListPaths = (
				"${PODS_ROOT}/Target Support Files/Pods-RechabilityDemo/Pods-RechabilityDemo-frameworks-${CONFIGURATION}-output-files.xcfilelist",
			);
			runOnlyForDeploymentPostprocessing = 0;
			shellPath = /bin/sh;
			shellScript = "\"${PODS_ROOT}/Target Support Files/Pods-RechabilityDemo/Pods-RechabilityDemo-frameworks.sh\"\n";
			showEnvVarsInLog = 0;
		};
/* End PBXShellScriptBuildPhase section */

/* Begin PBXSourcesBuildPhase section */
		04A18C7D2482406300001ED9 /* Sources */ = {
			isa = PBXSourcesBuildPhase;
			buildActionMask = 2147483647;
			files = (
				04A18C9F24824EC000001ED9 /* MainVCTableCell.swift in Sources */,
				04A18C992482414E00001ED9 /* NetworkManager.swift in Sources */,
				04A18C892482406300001ED9 /* LaunchViewController.swift in Sources */,
				04A18C852482406300001ED9 /* AppDelegate.swift in Sources */,
				04A18C9D24824CF300001ED9 /* MainViewController.swift in Sources */,
				04A18C872482406300001ED9 /* SceneDelegate.swift in Sources */,
				04A18C9B248247C900001ED9 /* OfflineViewController.swift in Sources */,
			);
			runOnlyForDeploymentPostprocessing = 0;
		};
/* End PBXSourcesBuildPhase section */

/* Begin PBXVariantGroup section */
		04A18C8A2482406300001ED9 /* Main.storyboard */ = {
			isa = PBXVariantGroup;
			children = (
				04A18C8B2482406300001ED9 /* Base */,
			);
			name = Main.storyboard;
			sourceTree = "<group>";
		};
		04A18C8F2482406500001ED9 /* LaunchScreen.storyboard */ = {
			isa = PBXVariantGroup;
			children = (
				04A18C902482406500001ED9 /* Base */,
			);
			name = LaunchScreen.storyboard;
			sourceTree = "<group>";
		};
/* End PBXVariantGroup section */

/* Begin XCBuildConfiguration section */
		04A18C932482406500001ED9 /* Debug */ = {
			isa = XCBuildConfiguration;
			buildSettings = {
				ALWAYS_SEARCH_USER_PATHS = NO;
				CLANG_ANALYZER_NONNULL = YES;
				CLANG_ANALYZER_NUMBER_OBJECT_CONVERSION = YES_AGGRESSIVE;
				CLANG_CXX_LANGUAGE_STANDARD = "gnu++14";
				CLANG_CXX_LIBRARY = "libc++";
				CLANG_ENABLE_MODULES = YES;
				CLANG_ENABLE_OBJC_ARC = YES;
				CLANG_ENABLE_OBJC_WEAK = YES;
				CLANG_WARN_BLOCK_CAPTURE_AUTORELEASING = YES;
				CLANG_WARN_BOOL_CONVERSION = YES;
				CLANG_WARN_COMMA = YES;
				CLANG_WARN_CONSTANT_CONVERSION = YES;
				CLANG_WARN_DEPRECATED_OBJC_IMPLEMENTATIONS = YES;
				CLANG_WARN_DIRECT_OBJC_ISA_USAGE = YES_ERROR;
				CLANG_WARN_DOCUMENTATION_COMMENTS = YES;
				CLANG_WARN_EMPTY_BODY = YES;
				CLANG_WARN_ENUM_CONVERSION = YES;
				CLANG_WARN_INFINITE_RECURSION = YES;
				CLANG_WARN_INT_CONVERSION = YES;
				CLANG_WARN_NON_LITERAL_NULL_CONVERSION = YES;
				CLANG_WARN_OBJC_IMPLICIT_RETAIN_SELF = YES;
				CLANG_WARN_OBJC_LITERAL_CONVERSION = YES;
				CLANG_WARN_OBJC_ROOT_CLASS = YES_ERROR;
				CLANG_WARN_RANGE_LOOP_ANALYSIS = YES;
				CLANG_WARN_STRICT_PROTOTYPES = YES;
				CLANG_WARN_SUSPICIOUS_MOVE = YES;
				CLANG_WARN_UNGUARDED_AVAILABILITY = YES_AGGRESSIVE;
				CLANG_WARN_UNREACHABLE_CODE = YES;
				CLANG_WARN__DUPLICATE_METHOD_MATCH = YES;
				COPY_PHASE_STRIP = NO;
				DEBUG_INFORMATION_FORMAT = dwarf;
				ENABLE_STRICT_OBJC_MSGSEND = YES;
				ENABLE_TESTABILITY = YES;
				GCC_C_LANGUAGE_STANDARD = gnu11;
				GCC_DYNAMIC_NO_PIC = NO;
				GCC_NO_COMMON_BLOCKS = YES;
				GCC_OPTIMIZATION_LEVEL = 0;
				GCC_PREPROCESSOR_DEFINITIONS = (
					"DEBUG=1",
					"$(inherited)",
				);
				GCC_WARN_64_TO_32_BIT_CONVERSION = YES;
				GCC_WARN_ABOUT_RETURN_TYPE = YES_ERROR;
				GCC_WARN_UNDECLARED_SELECTOR = YES;
				GCC_WARN_UNINITIALIZED_AUTOS = YES_AGGRESSIVE;
				GCC_WARN_UNUSED_FUNCTION = YES;
				GCC_WARN_UNUSED_VARIABLE = YES;
				IPHONEOS_DEPLOYMENT_TARGET = 13.4;
				MTL_ENABLE_DEBUG_INFO = INCLUDE_SOURCE;
				MTL_FAST_MATH = YES;
				ONLY_ACTIVE_ARCH = YES;
				SDKROOT = iphoneos;
				SWIFT_ACTIVE_COMPILATION_CONDITIONS = DEBUG;
				SWIFT_OPTIMIZATION_LEVEL = "-Onone";
			};
			name = Debug;
		};
		04A18C942482406500001ED9 /* Release */ = {
			isa = XCBuildConfiguration;
			buildSettings = {
				ALWAYS_SEARCH_USER_PATHS = NO;
				CLANG_ANALYZER_NONNULL = YES;
				CLANG_ANALYZER_NUMBER_OBJECT_CONVERSION = YES_AGGRESSIVE;
				CLANG_CXX_LANGUAGE_STANDARD = "gnu++14";
				CLANG_CXX_LIBRARY = "libc++";
				CLANG_ENABLE_MODULES = YES;
				CLANG_ENABLE_OBJC_ARC = YES;
				CLANG_ENABLE_OBJC_WEAK = YES;
				CLANG_WARN_BLOCK_CAPTURE_AUTORELEASING = YES;
				CLANG_WARN_BOOL_CONVERSION = YES;
				CLANG_WARN_COMMA = YES;
				CLANG_WARN_CONSTANT_CONVERSION = YES;
				CLANG_WARN_DEPRECATED_OBJC_IMPLEMENTATIONS = YES;
				CLANG_WARN_DIRECT_OBJC_ISA_USAGE = YES_ERROR;
				CLANG_WARN_DOCUMENTATION_COMMENTS = YES;
				CLANG_WARN_EMPTY_BODY = YES;
				CLANG_WARN_ENUM_CONVERSION = YES;
				CLANG_WARN_INFINITE_RECURSION = YES;
				CLANG_WARN_INT_CONVERSION = YES;
				CLANG_WARN_NON_LITERAL_NULL_CONVERSION = YES;
				CLANG_WARN_OBJC_IMPLICIT_RETAIN_SELF = YES;
				CLANG_WARN_OBJC_LITERAL_CONVERSION = YES;
				CLANG_WARN_OBJC_ROOT_CLASS = YES_ERROR;
				CLANG_WARN_RANGE_LOOP_ANALYSIS = YES;
				CLANG_WARN_STRICT_PROTOTYPES = YES;
				CLANG_WARN_SUSPICIOUS_MOVE = YES;
				CLANG_WARN_UNGUARDED_AVAILABILITY = YES_AGGRESSIVE;
				CLANG_WARN_UNREACHABLE_CODE = YES;
				CLANG_WARN__DUPLICATE_METHOD_MATCH = YES;
				COPY_PHASE_STRIP = NO;
				DEBUG_INFORMATION_FORMAT = "dwarf-with-dsym";
				ENABLE_NS_ASSERTIONS = NO;
				ENABLE_STRICT_OBJC_MSGSEND = YES;
				GCC_C_LANGUAGE_STANDARD = gnu11;
				GCC_NO_COMMON_BLOCKS = YES;
				GCC_WARN_64_TO_32_BIT_CONVERSION = YES;
				GCC_WARN_ABOUT_RETURN_TYPE = YES_ERROR;
				GCC_WARN_UNDECLARED_SELECTOR = YES;
				GCC_WARN_UNINITIALIZED_AUTOS = YES_AGGRESSIVE;
				GCC_WARN_UNUSED_FUNCTION = YES;
				GCC_WARN_UNUSED_VARIABLE = YES;
				IPHONEOS_DEPLOYMENT_TARGET = 13.4;
				MTL_ENABLE_DEBUG_INFO = NO;
				MTL_FAST_MATH = YES;
				SDKROOT = iphoneos;
				SWIFT_COMPILATION_MODE = wholemodule;
				SWIFT_OPTIMIZATION_LEVEL = "-O";
				VALIDATE_PRODUCT = YES;
			};
			name = Release;
		};
		04A18C962482406500001ED9 /* Debug */ = {
			isa = XCBuildConfiguration;
			baseConfigurationReference = 8D1E52E95D86A7AB8EA30A6C /* Pods-RechabilityDemo.debug.xcconfig */;
			buildSettings = {
				ASSETCATALOG_COMPILER_APPICON_NAME = AppIcon;
				CODE_SIGN_STYLE = Automatic;
				INFOPLIST_FILE = RechabilityDemo/Info.plist;
				LD_RUNPATH_SEARCH_PATHS = (
					"$(inherited)",
					"@executable_path/Frameworks",
				);
				PRODUCT_BUNDLE_IDENTIFIER = com.kuldeep.RechabilityDemo;
				PRODUCT_NAME = "$(TARGET_NAME)";
				SWIFT_VERSION = 5.0;
				TARGETED_DEVICE_FAMILY = "1,2";
			};
			name = Debug;
		};
		04A18C972482406500001ED9 /* Release */ = {
			isa = XCBuildConfiguration;
			baseConfigurationReference = 55C252F50AF40424E82A662A /* Pods-RechabilityDemo.release.xcconfig */;
			buildSettings = {
				ASSETCATALOG_COMPILER_APPICON_NAME = AppIcon;
				CODE_SIGN_STYLE = Automatic;
				INFOPLIST_FILE = RechabilityDemo/Info.plist;
				LD_RUNPATH_SEARCH_PATHS = (
					"$(inherited)",
					"@executable_path/Frameworks",
				);
				PRODUCT_BUNDLE_IDENTIFIER = com.kuldeep.RechabilityDemo;
				PRODUCT_NAME = "$(TARGET_NAME)";
				SWIFT_VERSION = 5.0;
				TARGETED_DEVICE_FAMILY = "1,2";
			};
			name = Release;
		};
/* End XCBuildConfiguration section */

/* Begin XCConfigurationList section */
		04A18C7C2482406300001ED9 /* Build configuration list for PBXProject "RechabilityDemo" */ = {
			isa = XCConfigurationList;
			buildConfigurations = (
				04A18C932482406500001ED9 /* Debug */,
				04A18C942482406500001ED9 /* Release */,
			);
			defaultConfigurationIsVisible = 0;
			defaultConfigurationName = Release;
		};
		04A18C952482406500001ED9 /* Build configuration list for PBXNativeTarget "RechabilityDemo" */ = {
			isa = XCConfigurationList;
			buildConfigurations = (
				04A18C962482406500001ED9 /* Debug */,
				04A18C972482406500001ED9 /* Release */,
			);
			defaultConfigurationIsVisible = 0;
			defaultConfigurationName = Release;
		};
/* End XCConfigurationList section */
	};
	rootObject = 04A18C792482406300001ED9 /* Project object */;
}
