// !$*UTF8*$!
{
	archiveVersion = 1;
	classes = {
	};
	objectVersion = 50;
	objects = {

/* Begin PBXBuildFile section */
		04492C352492384C00A7759D /* AppDelegate.swift in Sources */ = {isa = PBXBuildFile; fileRef = 04492C342492384C00A7759D /* AppDelegate.swift */; };
		04492C372492384C00A7759D /* SceneDelegate.swift in Sources */ = {isa = PBXBuildFile; fileRef = 04492C362492384C00A7759D /* SceneDelegate.swift */; };
		04492C392492384C00A7759D /* ViewController.swift in Sources */ = {isa = PBXBuildFile; fileRef = 04492C382492384C00A7759D /* ViewController.swift */; };
		04492C3C2492384C00A7759D /* Main.storyboard in Resources */ = {isa = PBXBuildFile; fileRef = 04492C3A2492384C00A7759D /* Main.storyboard */; };
		04492C3E2492385000A7759D /* Assets.xcassets in Resources */ = {isa = PBXBuildFile; fileRef = 04492C3D2492385000A7759D /* Assets.xcassets */; };
		04492C412492385000A7759D /* LaunchScreen.storyboard in Resources */ = {isa = PBXBuildFile; fileRef = 04492C3F2492385000A7759D /* LaunchScreen.storyboard */; };
		04492C492492391C00A7759D /* ImageCollectionCell.swift in Sources */ = {isa = PBXBuildFile; fileRef = 04492C482492391C00A7759D /* ImageCollectionCell.swift */; };
		04492C4B2492393200A7759D /* AddBtnCollectionViewCell.swift in Sources */ = {isa = PBXBuildFile; fileRef = 04492C4A2492393200A7759D /* AddBtnCollectionViewCell.swift */; };
/* End PBXBuildFile section */

/* Begin PBXFileReference section */
		04492C312492384C00A7759D /* CollectionViewAddImage.app */ = {isa = PBXFileReference; explicitFileType = wrapper.application; includeInIndex = 0; path = CollectionViewAddImage.app; sourceTree = BUILT_PRODUCTS_DIR; };
		04492C342492384C00A7759D /* AppDelegate.swift */ = {isa = PBXFileReference; lastKnownFileType = sourcecode.swift; path = AppDelegate.swift; sourceTree = "<group>"; };
		04492C362492384C00A7759D /* SceneDelegate.swift */ = {isa = PBXFileReference; lastKnownFileType = sourcecode.swift; path = SceneDelegate.swift; sourceTree = "<group>"; };
		04492C382492384C00A7759D /* ViewController.swift */ = {isa = PBXFileReference; lastKnownFileType = sourcecode.swift; path = ViewController.swift; sourceTree = "<group>"; };
		04492C3B2492384C00A7759D /* Base */ = {isa = PBXFileReference; lastKnownFileType = file.storyboard; name = Base; path = Base.lproj/Main.storyboard; sourceTree = "<group>"; };
		04492C3D2492385000A7759D /* Assets.xcassets */ = {isa = PBXFileReference; lastKnownFileType = folder.assetcatalog; path = Assets.xcassets; sourceTree = "<group>"; };
		04492C402492385000A7759D /* Base */ = {isa = PBXFileReference; lastKnownFileType = file.storyboard; name = Base; path = Base.lproj/LaunchScreen.storyboard; sourceTree = "<group>"; };
		04492C422492385000A7759D /* Info.plist */ = {isa = PBXFileReference; lastKnownFileType = text.plist.xml; path = Info.plist; sourceTree = "<group>"; };
		04492C482492391C00A7759D /* ImageCollectionCell.swift */ = {isa = PBXFileReference; lastKnownFileType = sourcecode.swift; path = ImageCollectionCell.swift; sourceTree = "<group>"; };
		04492C4A2492393200A7759D /* AddBtnCollectionViewCell.swift */ = {isa = PBXFileReference; lastKnownFileType = sourcecode.swift; path = AddBtnCollectionViewCell.swift; sourceTree = "<group>"; };
/* End PBXFileReference section */

/* Begin PBXFrameworksBuildPhase section */
		04492C2E2492384C00A7759D /* Frameworks */ = {
			isa = PBXFrameworksBuildPhase;
			buildActionMask = 2147483647;
			files = (
			);
			runOnlyForDeploymentPostprocessing = 0;
		};
/* End PBXFrameworksBuildPhase section */

/* Begin PBXGroup section */
		04492C282492384C00A7759D = {
			isa = PBXGroup;
			children = (
				04492C332492384C00A7759D /* CollectionViewAddImage */,
				04492C322492384C00A7759D /* Products */,
			);
			sourceTree = "<group>";
		};
		04492C322492384C00A7759D /* Products */ = {
			isa = PBXGroup;
			children = (
				04492C312492384C00A7759D /* CollectionViewAddImage.app */,
			);
			name = Products;
			sourceTree = "<group>";
		};
		04492C332492384C00A7759D /* CollectionViewAddImage */ = {
			isa = PBXGroup;
			children = (
				04492C342492384C00A7759D /* AppDelegate.swift */,
				04492C362492384C00A7759D /* SceneDelegate.swift */,
				04492C382492384C00A7759D /* ViewController.swift */,
				04492C3A2492384C00A7759D /* Main.storyboard */,
				04492C3D2492385000A7759D /* Assets.xcassets */,
				04492C3F2492385000A7759D /* LaunchScreen.storyboard */,
				04492C422492385000A7759D /* Info.plist */,
				04492C482492391C00A7759D /* ImageCollectionCell.swift */,
				04492C4A2492393200A7759D /* AddBtnCollectionViewCell.swift */,
			);
			path = CollectionViewAddImage;
			sourceTree = "<group>";
		};
/* End PBXGroup section */

/* Begin PBXNativeTarget section */
		04492C302492384C00A7759D /* CollectionViewAddImage */ = {
			isa = PBXNativeTarget;
			buildConfigurationList = 04492C452492385000A7759D /* Build configuration list for PBXNativeTarget "CollectionViewAddImage" */;
			buildPhases = (
				04492C2D2492384C00A7759D /* Sources */,
				04492C2E2492384C00A7759D /* Frameworks */,
				04492C2F2492384C00A7759D /* Resources */,
			);
			buildRules = (
			);
			dependencies = (
			);
			name = CollectionViewAddImage;
			productName = CollectionViewAddImage;
			productReference = 04492C312492384C00A7759D /* CollectionViewAddImage.app */;
			productType = "com.apple.product-type.application";
		};
/* End PBXNativeTarget section */

/* Begin PBXProject section */
		04492C292492384C00A7759D /* Project object */ = {
			isa = PBXProject;
			attributes = {
				LastSwiftUpdateCheck = 1150;
				LastUpgradeCheck = 1150;
				ORGANIZATIONNAME = KuldeepBhandari;
				TargetAttributes = {
					04492C302492384C00A7759D = {
						CreatedOnToolsVersion = 11.5;
					};
				};
			};
			buildConfigurationList = 04492C2C2492384C00A7759D /* Build configuration list for PBXProject "CollectionViewAddImage" */;
			compatibilityVersion = "Xcode 9.3";
			developmentRegion = en;
			hasScannedForEncodings = 0;
			knownRegions = (
				en,
				Base,
			);
			mainGroup = 04492C282492384C00A7759D;
			productRefGroup = 04492C322492384C00A7759D /* Products */;
			projectDirPath = "";
			projectRoot = "";
			targets = (
				04492C302492384C00A7759D /* CollectionViewAddImage */,
			);
		};
/* End PBXProject section */

/* Begin PBXResourcesBuildPhase section */
		04492C2F2492384C00A7759D /* Resources */ = {
			isa = PBXResourcesBuildPhase;
			buildActionMask = 2147483647;
			files = (
				04492C412492385000A7759D /* LaunchScreen.storyboard in Resources */,
				04492C3E2492385000A7759D /* Assets.xcassets in Resources */,
				04492C3C2492384C00A7759D /* Main.storyboard in Resources */,
			);
			runOnlyForDeploymentPostprocessing = 0;
		};
/* End PBXResourcesBuildPhase section */

/* Begin PBXSourcesBuildPhase section */
		04492C2D2492384C00A7759D /* Sources */ = {
			isa = PBXSourcesBuildPhase;
			buildActionMask = 2147483647;
			files = (
				04492C4B2492393200A7759D /* AddBtnCollectionViewCell.swift in Sources */,
				04492C392492384C00A7759D /* ViewController.swift in Sources */,
				04492C352492384C00A7759D /* AppDelegate.swift in Sources */,
				04492C372492384C00A7759D /* SceneDelegate.swift in Sources */,
				04492C492492391C00A7759D /* ImageCollectionCell.swift in Sources */,
			);
			runOnlyForDeploymentPostprocessing = 0;
		};
/* End PBXSourcesBuildPhase section */

/* Begin PBXVariantGroup section */
		04492C3A2492384C00A7759D /* Main.storyboard */ = {
			isa = PBXVariantGroup;
			children = (
				04492C3B2492384C00A7759D /* Base */,
			);
			name = Main.storyboard;
			sourceTree = "<group>";
		};
		04492C3F2492385000A7759D /* LaunchScreen.storyboard */ = {
			isa = PBXVariantGroup;
			children = (
				04492C402492385000A7759D /* Base */,
			);
			name = LaunchScreen.storyboard;
			sourceTree = "<group>";
		};
/* End PBXVariantGroup section */

/* Begin XCBuildConfiguration section */
		04492C432492385000A7759D /* Debug */ = {
			isa = XCBuildConfiguration;
			buildSettings = {
				ALWAYS_SEARCH_USER_PATHS = NO;
				CLANG_ANALYZER_NONNULL = YES;
				CLANG_ANALYZER_NUMBER_OBJECT_CONVERSION = YES_AGGRESSIVE;
				CLANG_CXX_LANGUAGE_STANDARD = "gnu++14";
				CLANG_CXX_LIBRARY = "libc++";
				CLANG_ENABLE_MODULES = YES;
				CLANG_ENABLE_OBJC_ARC = YES;
				CLANG_ENABLE_OBJC_WEAK = YES;
				CLANG_WARN_BLOCK_CAPTURE_AUTORELEASING = YES;
				CLANG_WARN_BOOL_CONVERSION = YES;
				CLANG_WARN_COMMA = YES;
				CLANG_WARN_CONSTANT_CONVERSION = YES;
				CLANG_WARN_DEPRECATED_OBJC_IMPLEMENTATIONS = YES;
				CLANG_WARN_DIRECT_OBJC_ISA_USAGE = YES_ERROR;
				CLANG_WARN_DOCUMENTATION_COMMENTS = YES;
				CLANG_WARN_EMPTY_BODY = YES;
				CLANG_WARN_ENUM_CONVERSION = YES;
				CLANG_WARN_INFINITE_RECURSION = YES;
				CLANG_WARN_INT_CONVERSION = YES;
				CLANG_WARN_NON_LITERAL_NULL_CONVERSION = YES;
				CLANG_WARN_OBJC_IMPLICIT_RETAIN_SELF = YES;
				CLANG_WARN_OBJC_LITERAL_CONVERSION = YES;
				CLANG_WARN_OBJC_ROOT_CLASS = YES_ERROR;
				CLANG_WARN_RANGE_LOOP_ANALYSIS = YES;
				CLANG_WARN_STRICT_PROTOTYPES = YES;
				CLANG_WARN_SUSPICIOUS_MOVE = YES;
				CLANG_WARN_UNGUARDED_AVAILABILITY = YES_AGGRESSIVE;
				CLANG_WARN_UNREACHABLE_CODE = YES;
				CLANG_WARN__DUPLICATE_METHOD_MATCH = YES;
				COPY_PHASE_STRIP = NO;
				DEBUG_INFORMATION_FORMAT = dwarf;
				ENABLE_STRICT_OBJC_MSGSEND = YES;
				ENABLE_TESTABILITY = YES;
				GCC_C_LANGUAGE_STANDARD = gnu11;
				GCC_DYNAMIC_NO_PIC = NO;
				GCC_NO_COMMON_BLOCKS = YES;
				GCC_OPTIMIZATION_LEVEL = 0;
				GCC_PREPROCESSOR_DEFINITIONS = (
					"DEBUG=1",
					"$(inherited)",
				);
				GCC_WARN_64_TO_32_BIT_CONVERSION = YES;
				GCC_WARN_ABOUT_RETURN_TYPE = YES_ERROR;
				GCC_WARN_UNDECLARED_SELECTOR = YES;
				GCC_WARN_UNINITIALIZED_AUTOS = YES_AGGRESSIVE;
				GCC_WARN_UNUSED_FUNCTION = YES;
				GCC_WARN_UNUSED_VARIABLE = YES;
				IPHONEOS_DEPLOYMENT_TARGET = 13.5;
				MTL_ENABLE_DEBUG_INFO = INCLUDE_SOURCE;
				MTL_FAST_MATH = YES;
				ONLY_ACTIVE_ARCH = YES;
				SDKROOT = iphoneos;
				SWIFT_ACTIVE_COMPILATION_CONDITIONS = DEBUG;
				SWIFT_OPTIMIZATION_LEVEL = "-Onone";
			};
			name = Debug;
		};
		04492C442492385000A7759D /* Release */ = {
			isa = XCBuildConfiguration;
			buildSettings = {
				ALWAYS_SEARCH_USER_PATHS = NO;
				CLANG_ANALYZER_NONNULL = YES;
				CLANG_ANALYZER_NUMBER_OBJECT_CONVERSION = YES_AGGRESSIVE;
				CLANG_CXX_LANGUAGE_STANDARD = "gnu++14";
				CLANG_CXX_LIBRARY = "libc++";
				CLANG_ENABLE_MODULES = YES;
				CLANG_ENABLE_OBJC_ARC = YES;
				CLANG_ENABLE_OBJC_WEAK = YES;
				CLANG_WARN_BLOCK_CAPTURE_AUTORELEASING = YES;
				CLANG_WARN_BOOL_CONVERSION = YES;
				CLANG_WARN_COMMA = YES;
				CLANG_WARN_CONSTANT_CONVERSION = YES;
				CLANG_WARN_DEPRECATED_OBJC_IMPLEMENTATIONS = YES;
				CLANG_WARN_DIRECT_OBJC_ISA_USAGE = YES_ERROR;
				CLANG_WARN_DOCUMENTATION_COMMENTS = YES;
				CLANG_WARN_EMPTY_BODY = YES;
				CLANG_WARN_ENUM_CONVERSION = YES;
				CLANG_WARN_INFINITE_RECURSION = YES;
				CLANG_WARN_INT_CONVERSION = YES;
				CLANG_WARN_NON_LITERAL_NULL_CONVERSION = YES;
				CLANG_WARN_OBJC_IMPLICIT_RETAIN_SELF = YES;
				CLANG_WARN_OBJC_LITERAL_CONVERSION = YES;
				CLANG_WARN_OBJC_ROOT_CLASS = YES_ERROR;
				CLANG_WARN_RANGE_LOOP_ANALYSIS = YES;
				CLANG_WARN_STRICT_PROTOTYPES = YES;
				CLANG_WARN_SUSPICIOUS_MOVE = YES;
				CLANG_WARN_UNGUARDED_AVAILABILITY = YES_AGGRESSIVE;
				CLANG_WARN_UNREACHABLE_CODE = YES;
				CLANG_WARN__DUPLICATE_METHOD_MATCH = YES;
				COPY_PHASE_STRIP = NO;
				DEBUG_INFORMATION_FORMAT = "dwarf-with-dsym";
				ENABLE_NS_ASSERTIONS = NO;
				ENABLE_STRICT_OBJC_MSGSEND = YES;
				GCC_C_LANGUAGE_STANDARD = gnu11;
				GCC_NO_COMMON_BLOCKS = YES;
				GCC_WARN_64_TO_32_BIT_CONVERSION = YES;
				GCC_WARN_ABOUT_RETURN_TYPE = YES_ERROR;
				GCC_WARN_UNDECLARED_SELECTOR = YES;
				GCC_WARN_UNINITIALIZED_AUTOS = YES_AGGRESSIVE;
				GCC_WARN_UNUSED_FUNCTION = YES;
				GCC_WARN_UNUSED_VARIABLE = YES;
				IPHONEOS_DEPLOYMENT_TARGET = 13.5;
				MTL_ENABLE_DEBUG_INFO = NO;
				MTL_FAST_MATH = YES;
				SDKROOT = iphoneos;
				SWIFT_COMPILATION_MODE = wholemodule;
				SWIFT_OPTIMIZATION_LEVEL = "-O";
				VALIDATE_PRODUCT = YES;
			};
			name = Release;
		};
		04492C462492385000A7759D /* Debug */ = {
			isa = XCBuildConfiguration;
			buildSettings = {
				ASSETCATALOG_COMPILER_APPICON_NAME = AppIcon;
				CODE_SIGN_STYLE = Automatic;
				INFOPLIST_FILE = CollectionViewAddImage/Info.plist;
				LD_RUNPATH_SEARCH_PATHS = (
					"$(inherited)",
					"@executable_path/Frameworks",
				);
				PRODUCT_BUNDLE_IDENTIFIER = com.kuldeep.CollectionViewAddImage;
				PRODUCT_NAME = "$(TARGET_NAME)";
				SWIFT_VERSION = 5.0;
				TARGETED_DEVICE_FAMILY = "1,2";
			};
			name = Debug;
		};
		04492C472492385000A7759D /* Release */ = {
			isa = XCBuildConfiguration;
			buildSettings = {
				ASSETCATALOG_COMPILER_APPICON_NAME = AppIcon;
				CODE_SIGN_STYLE = Automatic;
				INFOPLIST_FILE = CollectionViewAddImage/Info.plist;
				LD_RUNPATH_SEARCH_PATHS = (
					"$(inherited)",
					"@executable_path/Frameworks",
				);
				PRODUCT_BUNDLE_IDENTIFIER = com.kuldeep.CollectionViewAddImage;
				PRODUCT_NAME = "$(TARGET_NAME)";
				SWIFT_VERSION = 5.0;
				TARGETED_DEVICE_FAMILY = "1,2";
			};
			name = Release;
		};
/* End XCBuildConfiguration section */

/* Begin XCConfigurationList section */
		04492C2C2492384C00A7759D /* Build configuration list for PBXProject "CollectionViewAddImage" */ = {
			isa = XCConfigurationList;
			buildConfigurations = (
				04492C432492385000A7759D /* Debug */,
				04492C442492385000A7759D /* Release */,
			);
			defaultConfigurationIsVisible = 0;
			defaultConfigurationName = Release;
		};
		04492C452492385000A7759D /* Build configuration list for PBXNativeTarget "CollectionViewAddImage" */ = {
			isa = XCConfigurationList;
			buildConfigurations = (
				04492C462492385000A7759D /* Debug */,
				04492C472492385000A7759D /* Release */,
			);
			defaultConfigurationIsVisible = 0;
			defaultConfigurationName = Release;
		};
/* End XCConfigurationList section */
	};
	rootObject = 04492C292492384C00A7759D /* Project object */;
}
